
Microsoft Visual Studio Solution File, Format Version 12.00
# Visual Studio Version 17
VisualStudioVersion = 17.4.33122.133
MinimumVisualStudioVersion = 10.0.40219.1
Project("{FAE04EC0-301F-11D3-BF4B-00C04F79EFBC}") = "TF", "TF\TF.csproj", "{7009DFBF-E156-45BC-8676-DFCB105F0FF7}"
EndProject
Global
	GlobalSection(SolutionConfigurationPlatforms) = preSolution
		Debug|Any CPU = Debug|Any CPU
		Release|Any CPU = Release|Any CPU
	EndGlobalSection
	GlobalSection(ProjectConfigurationPlatforms) = postSolution
		{7009DFBF-E156-45BC-8676-DFCB105F0FF7}.Debug|Any CPU.ActiveCfg = Debug|Any CPU
		{7009DFBF-E156-45BC-8676-DFCB105F0FF7}.Debug|Any CPU.Build.0 = Debug|Any CPU
		{7009DFBF-E156-45BC-8676-DFCB105F0FF7}.Release|Any CPU.ActiveCfg = Release|Any CPU
		{7009DFBF-E156-45BC-8676-DFCB105F0FF7}.Release|Any CPU.Build.0 = Release|Any CPU
	EndGlobalSection
	GlobalSection(SolutionProperties) = preSolution
		HideSolutionNode = FALSE
	EndGlobalSection
	GlobalSection(ExtensibilityGlobals) = postSolution
		SolutionGuid = {8F24D169-9E83-4A0A-82CF-55291376ED06}
	EndGlobalSection
EndGlobal
